
Microsoft Visual Studio Solution File, Format Version 12.00
# Visual Studio Version 17
VisualStudioVersion = 17.13.35931.197
MinimumVisualStudioVersion = 10.0.40219.1
Project("{FAE04EC0-301F-11D3-BF4B-00C04F79EFBC}") = "PosLibrary", "PosLibrary\PosLibrary.csproj", "{07A95983-8C86-4E35-B97C-65417316B112}"
EndProject
Project("{FAE04EC0-301F-11D3-BF4B-00C04F79EFBC}") = "POSUI", "POSUI\POSUI.csproj", "{7EAD2ACD-7139-4CEE-BFFA-741E70843A51}"
EndProject
Project("{FAE04EC0-301F-11D3-BF4B-00C04F79EFBC}") = "Tests", "Tests\Tests.csproj", "{95C274AC-5FDD-48AE-A80E-29ED3E8CA91A}"
EndProject
Global
	GlobalSection(SolutionConfigurationPlatforms) = preSolution
		Debug|Any CPU = Debug|Any CPU
		Release|Any CPU = Release|Any CPU
	EndGlobalSection
	GlobalSection(ProjectConfigurationPlatforms) = postSolution
		{07A95983-8C86-4E35-B97C-65417316B112}.Debug|Any CPU.ActiveCfg = Debug|Any CPU
		{07A95983-8C86-4E35-B97C-65417316B112}.Debug|Any CPU.Build.0 = Debug|Any CPU
		{07A95983-8C86-4E35-B97C-65417316B112}.Release|Any CPU.ActiveCfg = Release|Any CPU
		{07A95983-8C86-4E35-B97C-65417316B112}.Release|Any CPU.Build.0 = Release|Any CPU
		{7EAD2ACD-7139-4CEE-BFFA-741E70843A51}.Debug|Any CPU.ActiveCfg = Debug|Any CPU
		{7EAD2ACD-7139-4CEE-BFFA-741E70843A51}.Debug|Any CPU.Build.0 = Debug|Any CPU
		{7EAD2ACD-7139-4CEE-BFFA-741E70843A51}.Release|Any CPU.ActiveCfg = Release|Any CPU
		{7EAD2ACD-7139-4CEE-BFFA-741E70843A51}.Release|Any CPU.Build.0 = Release|Any CPU
		{95C274AC-5FDD-48AE-A80E-29ED3E8CA91A}.Debug|Any CPU.ActiveCfg = Debug|Any CPU
		{95C274AC-5FDD-48AE-A80E-29ED3E8CA91A}.Debug|Any CPU.Build.0 = Debug|Any CPU
		{95C274AC-5FDD-48AE-A80E-29ED3E8CA91A}.Release|Any CPU.ActiveCfg = Release|Any CPU
		{95C274AC-5FDD-48AE-A80E-29ED3E8CA91A}.Release|Any CPU.Build.0 = Release|Any CPU
	EndGlobalSection
	GlobalSection(SolutionProperties) = preSolution
		HideSolutionNode = FALSE
	EndGlobalSection
	GlobalSection(ExtensibilityGlobals) = postSolution
		SolutionGuid = {C0660174-F029-43C3-BFE8-E20B1E5BD561}
	EndGlobalSection
EndGlobal
